
Microsoft Visual Studio Solution File, Format Version 12.00
# Visual Studio 15
VisualStudioVersion = 15.0.27703.2042
MinimumVisualStudioVersion = 10.0.40219.1
Project("{8BC9CEB8-8B4A-11D0-8D11-00A0C91BC942}") = "PermutationCombine", "PermutationCombine\PermutationCombine.vcxproj", "{4C8B0DBC-2458-4159-9AFB-577AFE24AE3B}"
EndProject
Global
	GlobalSection(SolutionConfigurationPlatforms) = preSolution
		Debug|x64 = Debug|x64
		Debug|x86 = Debug|x86
		Release|x64 = Release|x64
		Release|x86 = Release|x86
	EndGlobalSection
	GlobalSection(ProjectConfigurationPlatforms) = postSolution
		{4C8B0DBC-2458-4159-9AFB-577AFE24AE3B}.Debug|x64.ActiveCfg = Debug|x64
		{4C8B0DBC-2458-4159-9AFB-577AFE24AE3B}.Debug|x64.Build.0 = Debug|x64
		{4C8B0DBC-2458-4159-9AFB-577AFE24AE3B}.Debug|x86.ActiveCfg = Debug|Win32
		{4C8B0DBC-2458-4159-9AFB-577AFE24AE3B}.Debug|x86.Build.0 = Debug|Win32
		{4C8B0DBC-2458-4159-9AFB-577AFE24AE3B}.Release|x64.ActiveCfg = Release|x64
		{4C8B0DBC-2458-4159-9AFB-577AFE24AE3B}.Release|x64.Build.0 = Release|x64
		{4C8B0DBC-2458-4159-9AFB-577AFE24AE3B}.Release|x86.ActiveCfg = Release|Win32
		{4C8B0DBC-2458-4159-9AFB-577AFE24AE3B}.Release|x86.Build.0 = Release|Win32
	EndGlobalSection
	GlobalSection(SolutionProperties) = preSolution
		HideSolutionNode = FALSE
	EndGlobalSection
	GlobalSection(ExtensibilityGlobals) = postSolution
		SolutionGuid = {F2B27577-29DE-4111-9C6E-30D1E5F3D0E8}
	EndGlobalSection
EndGlobal
